
Microsoft Visual Studio Solution File, Format Version 12.00
# Visual Studio 15
VisualStudioVersion = 15.0.28307.136
MinimumVisualStudioVersion = 10.0.40219.1
Project("{9A19103F-16F7-4668-BE54-9A1E7A4F7556}") = "Skeleton", "Lab\Skeleton\Skeleton.csproj", "{9AB268A5-DD59-4295-BDF5-0CB56F567E9C}"
EndProject
Project("{FAE04EC0-301F-11D3-BF4B-00C04F79EFBC}") = "P01_TestAxe", "P01_TestAxe\P01_TestAxe.csproj", "{3B49D304-B85B-4F37-A086-30DED0978E6E}"
EndProject
Project("{FAE04EC0-301F-11D3-BF4B-00C04F79EFBC}") = "P02_DummyTests", "P02_DummyTests\P02_DummyTests.csproj", "{05D1D8BA-74C2-465B-B615-B8029561DDD3}"
EndProject
Project("{FAE04EC0-301F-11D3-BF4B-00C04F79EFBC}") = "P05_HeroTestsMocking", "P05_Mocking\P05_HeroTestsMocking.csproj", "{9422E0D4-4671-45EC-B464-DBAA44645726}"
EndProject
Global
	GlobalSection(SolutionConfigurationPlatforms) = preSolution
		Debug|Any CPU = Debug|Any CPU
		Release|Any CPU = Release|Any CPU
	EndGlobalSection
	GlobalSection(ProjectConfigurationPlatforms) = postSolution
		{9AB268A5-DD59-4295-BDF5-0CB56F567E9C}.Debug|Any CPU.ActiveCfg = Debug|Any CPU
		{9AB268A5-DD59-4295-BDF5-0CB56F567E9C}.Debug|Any CPU.Build.0 = Debug|Any CPU
		{9AB268A5-DD59-4295-BDF5-0CB56F567E9C}.Release|Any CPU.ActiveCfg = Release|Any CPU
		{9AB268A5-DD59-4295-BDF5-0CB56F567E9C}.Release|Any CPU.Build.0 = Release|Any CPU
		{3B49D304-B85B-4F37-A086-30DED0978E6E}.Debug|Any CPU.ActiveCfg = Debug|Any CPU
		{3B49D304-B85B-4F37-A086-30DED0978E6E}.Debug|Any CPU.Build.0 = Debug|Any CPU
		{3B49D304-B85B-4F37-A086-30DED0978E6E}.Release|Any CPU.ActiveCfg = Release|Any CPU
		{3B49D304-B85B-4F37-A086-30DED0978E6E}.Release|Any CPU.Build.0 = Release|Any CPU
		{05D1D8BA-74C2-465B-B615-B8029561DDD3}.Debug|Any CPU.ActiveCfg = Debug|Any CPU
		{05D1D8BA-74C2-465B-B615-B8029561DDD3}.Debug|Any CPU.Build.0 = Debug|Any CPU
		{05D1D8BA-74C2-465B-B615-B8029561DDD3}.Release|Any CPU.ActiveCfg = Release|Any CPU
		{05D1D8BA-74C2-465B-B615-B8029561DDD3}.Release|Any CPU.Build.0 = Release|Any CPU
		{9422E0D4-4671-45EC-B464-DBAA44645726}.Debug|Any CPU.ActiveCfg = Debug|Any CPU
		{9422E0D4-4671-45EC-B464-DBAA44645726}.Debug|Any CPU.Build.0 = Debug|Any CPU
		{9422E0D4-4671-45EC-B464-DBAA44645726}.Release|Any CPU.ActiveCfg = Release|Any CPU
		{9422E0D4-4671-45EC-B464-DBAA44645726}.Release|Any CPU.Build.0 = Release|Any CPU
	EndGlobalSection
	GlobalSection(SolutionProperties) = preSolution
		HideSolutionNode = FALSE
	EndGlobalSection
	GlobalSection(ExtensibilityGlobals) = postSolution
		SolutionGuid = {CED4ABD8-AA90-4B9B-A1EB-2911FA584918}
	EndGlobalSection
EndGlobal
